
Microsoft Visual Studio Solution File, Format Version 12.00
# Visual Studio 15
VisualStudioVersion = 15.0.28307.271
MinimumVisualStudioVersion = 10.0.40219.1
Project("{2150E333-8FDC-42A3-9474-1A3956D46DE8}") = "PInvoke", "PInvoke", "{EF053102-8373-42D1-8855-9AB88771FF7C}"
EndProject
Project("{FAE04EC0-301F-11D3-BF4B-00C04F79EFBC}") = "HelloWorld", "HelloWorld\HelloWorld.csproj", "{7AD35E48-5FAC-4503-B252-C115061C425D}"
EndProject
Project("{2150E333-8FDC-42A3-9474-1A3956D46DE8}") = "C++_CLI", "C++_CLI", "{13F304C2-9A12-489D-9A1F-F4D2E591DC6C}"
EndProject
Project("{8BC9CEB8-8B4A-11D0-8D11-00A0C91BC942}") = "NativeLibrary", "NativeLibrary\NativeLibrary.vcxproj", "{22E5D070-F418-4897-8AD0-F19E5D626D9E}"
EndProject
Project("{8BC9CEB8-8B4A-11D0-8D11-00A0C91BC942}") = "NativeLibraryWrapper", "NativeLibraryWrapper\NativeLibraryWrapper.vcxproj", "{86542053-1493-4BCF-BF19-FAB5235977CF}"
EndProject
Project("{FAE04EC0-301F-11D3-BF4B-00C04F79EFBC}") = "ManagedApplication", "ManagedApplication\ManagedApplication.csproj", "{E0718953-39B5-4B71-A2A6-820449B73A39}"
EndProject
Project("{2150E333-8FDC-42A3-9474-1A3956D46DE8}") = "COM Object", "COM Object", "{698F362C-5DF2-4E03-B83E-4806EE8110FC}"
EndProject
Project("{8BC9CEB8-8B4A-11D0-8D11-00A0C91BC942}") = "OpenDialogBox", "OpenDialogBox\OpenDialogBox.vcxproj", "{E39347D6-AE30-40C3-A44E-370D9CED5AC1}"
EndProject
Project("{FAE04EC0-301F-11D3-BF4B-00C04F79EFBC}") = "ManagedOpenDialogBox", "ManagedOpenDialogBox\ManagedOpenDialogBox.csproj", "{F0834E0D-6E3B-48A7-9A0E-8A19DCDFBEED}"
EndProject
Project("{FAE04EC0-301F-11D3-BF4B-00C04F79EFBC}") = "WinWrapper", "WinWrapper\WinWrapper.csproj", "{3605CABE-92CB-436C-A77A-12E95408AAD7}"
EndProject
Project("{FAE04EC0-301F-11D3-BF4B-00C04F79EFBC}") = "CustomCOMObject", "CustomCOMObject\CustomCOMObject.csproj", "{9442E2E4-B880-46A3-B808-72731513821B}"
EndProject
Project("{8BC9CEB8-8B4A-11D0-8D11-00A0C91BC942}") = "CustomCOMObjectClient", "CustomCOMObjectClient\CustomCOMObjectClient.vcxproj", "{1341BF86-A5A1-47E9-833C-BCACECB50E72}"
	ProjectSection(ProjectDependencies) = postProject
		{9442E2E4-B880-46A3-B808-72731513821B} = {9442E2E4-B880-46A3-B808-72731513821B}
	EndProjectSection
EndProject
Project("{2150E333-8FDC-42A3-9474-1A3956D46DE8}") = "Solution Items", "Solution Items", "{8CE92344-DE3A-435E-B220-97D141FDE174}"
	ProjectSection(SolutionItems) = preProject
		README.md = README.md
	EndProjectSection
EndProject
Project("{8BC9CEB8-8B4A-11D0-8D11-00A0C91BC942}") = "SimpleGlutWrapper", "SimpleGlutWrapper\SimpleGlutWrapper.vcxproj", "{DB976855-967E-47A0-8156-42C4B18D8489}"
EndProject
Global
	GlobalSection(SolutionConfigurationPlatforms) = preSolution
		Debug|Any CPU = Debug|Any CPU
		Debug|x64 = Debug|x64
		Debug|x86 = Debug|x86
		Release|Any CPU = Release|Any CPU
		Release|x64 = Release|x64
		Release|x86 = Release|x86
	EndGlobalSection
	GlobalSection(ProjectConfigurationPlatforms) = postSolution
		{7AD35E48-5FAC-4503-B252-C115061C425D}.Debug|Any CPU.ActiveCfg = Debug|Any CPU
		{7AD35E48-5FAC-4503-B252-C115061C425D}.Debug|Any CPU.Build.0 = Debug|Any CPU
		{7AD35E48-5FAC-4503-B252-C115061C425D}.Debug|x64.ActiveCfg = Debug|Any CPU
		{7AD35E48-5FAC-4503-B252-C115061C425D}.Debug|x64.Build.0 = Debug|Any CPU
		{7AD35E48-5FAC-4503-B252-C115061C425D}.Debug|x86.ActiveCfg = Debug|Any CPU
		{7AD35E48-5FAC-4503-B252-C115061C425D}.Debug|x86.Build.0 = Debug|Any CPU
		{7AD35E48-5FAC-4503-B252-C115061C425D}.Release|Any CPU.ActiveCfg = Release|Any CPU
		{7AD35E48-5FAC-4503-B252-C115061C425D}.Release|Any CPU.Build.0 = Release|Any CPU
		{7AD35E48-5FAC-4503-B252-C115061C425D}.Release|x64.ActiveCfg = Release|Any CPU
		{7AD35E48-5FAC-4503-B252-C115061C425D}.Release|x64.Build.0 = Release|Any CPU
		{7AD35E48-5FAC-4503-B252-C115061C425D}.Release|x86.ActiveCfg = Release|Any CPU
		{7AD35E48-5FAC-4503-B252-C115061C425D}.Release|x86.Build.0 = Release|Any CPU
		{22E5D070-F418-4897-8AD0-F19E5D626D9E}.Debug|Any CPU.ActiveCfg = Debug|x64
		{22E5D070-F418-4897-8AD0-F19E5D626D9E}.Debug|Any CPU.Build.0 = Debug|x64
		{22E5D070-F418-4897-8AD0-F19E5D626D9E}.Debug|x64.ActiveCfg = Debug|x64
		{22E5D070-F418-4897-8AD0-F19E5D626D9E}.Debug|x64.Build.0 = Debug|x64
		{22E5D070-F418-4897-8AD0-F19E5D626D9E}.Debug|x86.ActiveCfg = Debug|x64
		{22E5D070-F418-4897-8AD0-F19E5D626D9E}.Release|Any CPU.ActiveCfg = Release|x64
		{22E5D070-F418-4897-8AD0-F19E5D626D9E}.Release|x64.ActiveCfg = Release|x64
		{22E5D070-F418-4897-8AD0-F19E5D626D9E}.Release|x64.Build.0 = Release|x64
		{22E5D070-F418-4897-8AD0-F19E5D626D9E}.Release|x86.ActiveCfg = Release|x64
		{86542053-1493-4BCF-BF19-FAB5235977CF}.Debug|Any CPU.ActiveCfg = Debug|x64
		{86542053-1493-4BCF-BF19-FAB5235977CF}.Debug|Any CPU.Build.0 = Debug|x64
		{86542053-1493-4BCF-BF19-FAB5235977CF}.Debug|x64.ActiveCfg = Debug|x64
		{86542053-1493-4BCF-BF19-FAB5235977CF}.Debug|x64.Build.0 = Debug|x64
		{86542053-1493-4BCF-BF19-FAB5235977CF}.Debug|x86.ActiveCfg = Debug|x64
		{86542053-1493-4BCF-BF19-FAB5235977CF}.Release|Any CPU.ActiveCfg = Release|x64
		{86542053-1493-4BCF-BF19-FAB5235977CF}.Release|x64.ActiveCfg = Release|x64
		{86542053-1493-4BCF-BF19-FAB5235977CF}.Release|x64.Build.0 = Release|x64
		{86542053-1493-4BCF-BF19-FAB5235977CF}.Release|x86.ActiveCfg = Release|x64
		{E0718953-39B5-4B71-A2A6-820449B73A39}.Debug|Any CPU.ActiveCfg = Debug|Any CPU
		{E0718953-39B5-4B71-A2A6-820449B73A39}.Debug|Any CPU.Build.0 = Debug|Any CPU
		{E0718953-39B5-4B71-A2A6-820449B73A39}.Debug|x64.ActiveCfg = Debug|Any CPU
		{E0718953-39B5-4B71-A2A6-820449B73A39}.Debug|x64.Build.0 = Debug|Any CPU
		{E0718953-39B5-4B71-A2A6-820449B73A39}.Debug|x86.ActiveCfg = Debug|Any CPU
		{E0718953-39B5-4B71-A2A6-820449B73A39}.Debug|x86.Build.0 = Debug|Any CPU
		{E0718953-39B5-4B71-A2A6-820449B73A39}.Release|Any CPU.ActiveCfg = Release|Any CPU
		{E0718953-39B5-4B71-A2A6-820449B73A39}.Release|Any CPU.Build.0 = Release|Any CPU
		{E0718953-39B5-4B71-A2A6-820449B73A39}.Release|x64.ActiveCfg = Release|Any CPU
		{E0718953-39B5-4B71-A2A6-820449B73A39}.Release|x64.Build.0 = Release|Any CPU
		{E0718953-39B5-4B71-A2A6-820449B73A39}.Release|x86.ActiveCfg = Release|Any CPU
		{E0718953-39B5-4B71-A2A6-820449B73A39}.Release|x86.Build.0 = Release|Any CPU
		{E39347D6-AE30-40C3-A44E-370D9CED5AC1}.Debug|Any CPU.ActiveCfg = Debug|x64
		{E39347D6-AE30-40C3-A44E-370D9CED5AC1}.Debug|Any CPU.Build.0 = Debug|x64
		{E39347D6-AE30-40C3-A44E-370D9CED5AC1}.Debug|x64.ActiveCfg = Debug|x64
		{E39347D6-AE30-40C3-A44E-370D9CED5AC1}.Debug|x64.Build.0 = Debug|x64
		{E39347D6-AE30-40C3-A44E-370D9CED5AC1}.Debug|x86.ActiveCfg = Debug|x64
		{E39347D6-AE30-40C3-A44E-370D9CED5AC1}.Release|Any CPU.ActiveCfg = Release|x64
		{E39347D6-AE30-40C3-A44E-370D9CED5AC1}.Release|x64.ActiveCfg = Release|x64
		{E39347D6-AE30-40C3-A44E-370D9CED5AC1}.Release|x64.Build.0 = Release|x64
		{E39347D6-AE30-40C3-A44E-370D9CED5AC1}.Release|x86.ActiveCfg = Release|x64
		{F0834E0D-6E3B-48A7-9A0E-8A19DCDFBEED}.Debug|Any CPU.ActiveCfg = Debug|Any CPU
		{F0834E0D-6E3B-48A7-9A0E-8A19DCDFBEED}.Debug|Any CPU.Build.0 = Debug|Any CPU
		{F0834E0D-6E3B-48A7-9A0E-8A19DCDFBEED}.Debug|x64.ActiveCfg = Debug|Any CPU
		{F0834E0D-6E3B-48A7-9A0E-8A19DCDFBEED}.Debug|x64.Build.0 = Debug|Any CPU
		{F0834E0D-6E3B-48A7-9A0E-8A19DCDFBEED}.Debug|x86.ActiveCfg = Debug|Any CPU
		{F0834E0D-6E3B-48A7-9A0E-8A19DCDFBEED}.Debug|x86.Build.0 = Debug|Any CPU
		{F0834E0D-6E3B-48A7-9A0E-8A19DCDFBEED}.Release|Any CPU.ActiveCfg = Release|Any CPU
		{F0834E0D-6E3B-48A7-9A0E-8A19DCDFBEED}.Release|Any CPU.Build.0 = Release|Any CPU
		{F0834E0D-6E3B-48A7-9A0E-8A19DCDFBEED}.Release|x64.ActiveCfg = Release|Any CPU
		{F0834E0D-6E3B-48A7-9A0E-8A19DCDFBEED}.Release|x64.Build.0 = Release|Any CPU
		{F0834E0D-6E3B-48A7-9A0E-8A19DCDFBEED}.Release|x86.ActiveCfg = Release|Any CPU
		{F0834E0D-6E3B-48A7-9A0E-8A19DCDFBEED}.Release|x86.Build.0 = Release|Any CPU
		{3605CABE-92CB-436C-A77A-12E95408AAD7}.Debug|Any CPU.ActiveCfg = Debug|Any CPU
		{3605CABE-92CB-436C-A77A-12E95408AAD7}.Debug|Any CPU.Build.0 = Debug|Any CPU
		{3605CABE-92CB-436C-A77A-12E95408AAD7}.Debug|x64.ActiveCfg = Debug|Any CPU
		{3605CABE-92CB-436C-A77A-12E95408AAD7}.Debug|x64.Build.0 = Debug|Any CPU
		{3605CABE-92CB-436C-A77A-12E95408AAD7}.Debug|x86.ActiveCfg = Debug|Any CPU
		{3605CABE-92CB-436C-A77A-12E95408AAD7}.Debug|x86.Build.0 = Debug|Any CPU
		{3605CABE-92CB-436C-A77A-12E95408AAD7}.Release|Any CPU.ActiveCfg = Release|Any CPU
		{3605CABE-92CB-436C-A77A-12E95408AAD7}.Release|Any CPU.Build.0 = Release|Any CPU
		{3605CABE-92CB-436C-A77A-12E95408AAD7}.Release|x64.ActiveCfg = Release|Any CPU
		{3605CABE-92CB-436C-A77A-12E95408AAD7}.Release|x64.Build.0 = Release|Any CPU
		{3605CABE-92CB-436C-A77A-12E95408AAD7}.Release|x86.ActiveCfg = Release|Any CPU
		{3605CABE-92CB-436C-A77A-12E95408AAD7}.Release|x86.Build.0 = Release|Any CPU
		{9442E2E4-B880-46A3-B808-72731513821B}.Debug|Any CPU.ActiveCfg = Debug|Any CPU
		{9442E2E4-B880-46A3-B808-72731513821B}.Debug|Any CPU.Build.0 = Debug|Any CPU
		{9442E2E4-B880-46A3-B808-72731513821B}.Debug|x64.ActiveCfg = Debug|Any CPU
		{9442E2E4-B880-46A3-B808-72731513821B}.Debug|x64.Build.0 = Debug|Any CPU
		{9442E2E4-B880-46A3-B808-72731513821B}.Debug|x86.ActiveCfg = Debug|Any CPU
		{9442E2E4-B880-46A3-B808-72731513821B}.Debug|x86.Build.0 = Debug|Any CPU
		{9442E2E4-B880-46A3-B808-72731513821B}.Release|Any CPU.ActiveCfg = Release|Any CPU
		{9442E2E4-B880-46A3-B808-72731513821B}.Release|Any CPU.Build.0 = Release|Any CPU
		{9442E2E4-B880-46A3-B808-72731513821B}.Release|x64.ActiveCfg = Release|Any CPU
		{9442E2E4-B880-46A3-B808-72731513821B}.Release|x64.Build.0 = Release|Any CPU
		{9442E2E4-B880-46A3-B808-72731513821B}.Release|x86.ActiveCfg = Release|Any CPU
		{9442E2E4-B880-46A3-B808-72731513821B}.Release|x86.Build.0 = Release|Any CPU
		{1341BF86-A5A1-47E9-833C-BCACECB50E72}.Debug|Any CPU.ActiveCfg = Debug|x64
		{1341BF86-A5A1-47E9-833C-BCACECB50E72}.Debug|Any CPU.Build.0 = Debug|x64
		{1341BF86-A5A1-47E9-833C-BCACECB50E72}.Debug|x64.ActiveCfg = Debug|x64
		{1341BF86-A5A1-47E9-833C-BCACECB50E72}.Debug|x64.Build.0 = Debug|x64
		{1341BF86-A5A1-47E9-833C-BCACECB50E72}.Debug|x86.ActiveCfg = Debug|x64
		{1341BF86-A5A1-47E9-833C-BCACECB50E72}.Release|Any CPU.ActiveCfg = Release|x64
		{1341BF86-A5A1-47E9-833C-BCACECB50E72}.Release|x64.ActiveCfg = Release|x64
		{1341BF86-A5A1-47E9-833C-BCACECB50E72}.Release|x64.Build.0 = Release|x64
		{1341BF86-A5A1-47E9-833C-BCACECB50E72}.Release|x86.ActiveCfg = Release|x64
		{DB976855-967E-47A0-8156-42C4B18D8489}.Debug|Any CPU.ActiveCfg = Debug|Win32
		{DB976855-967E-47A0-8156-42C4B18D8489}.Debug|x64.ActiveCfg = Debug|x64
		{DB976855-967E-47A0-8156-42C4B18D8489}.Debug|x64.Build.0 = Debug|x64
		{DB976855-967E-47A0-8156-42C4B18D8489}.Debug|x86.ActiveCfg = Debug|Win32
		{DB976855-967E-47A0-8156-42C4B18D8489}.Debug|x86.Build.0 = Debug|Win32
		{DB976855-967E-47A0-8156-42C4B18D8489}.Release|Any CPU.ActiveCfg = Release|Win32
		{DB976855-967E-47A0-8156-42C4B18D8489}.Release|x64.ActiveCfg = Release|x64
		{DB976855-967E-47A0-8156-42C4B18D8489}.Release|x64.Build.0 = Release|x64
		{DB976855-967E-47A0-8156-42C4B18D8489}.Release|x86.ActiveCfg = Release|Win32
		{DB976855-967E-47A0-8156-42C4B18D8489}.Release|x86.Build.0 = Release|Win32
	EndGlobalSection
	GlobalSection(SolutionProperties) = preSolution
		HideSolutionNode = FALSE
	EndGlobalSection
	GlobalSection(NestedProjects) = preSolution
		{7AD35E48-5FAC-4503-B252-C115061C425D} = {EF053102-8373-42D1-8855-9AB88771FF7C}
		{22E5D070-F418-4897-8AD0-F19E5D626D9E} = {13F304C2-9A12-489D-9A1F-F4D2E591DC6C}
		{86542053-1493-4BCF-BF19-FAB5235977CF} = {13F304C2-9A12-489D-9A1F-F4D2E591DC6C}
		{E0718953-39B5-4B71-A2A6-820449B73A39} = {13F304C2-9A12-489D-9A1F-F4D2E591DC6C}
		{E39347D6-AE30-40C3-A44E-370D9CED5AC1} = {698F362C-5DF2-4E03-B83E-4806EE8110FC}
		{F0834E0D-6E3B-48A7-9A0E-8A19DCDFBEED} = {698F362C-5DF2-4E03-B83E-4806EE8110FC}
		{9442E2E4-B880-46A3-B808-72731513821B} = {698F362C-5DF2-4E03-B83E-4806EE8110FC}
		{1341BF86-A5A1-47E9-833C-BCACECB50E72} = {698F362C-5DF2-4E03-B83E-4806EE8110FC}
		{DB976855-967E-47A0-8156-42C4B18D8489} = {EF053102-8373-42D1-8855-9AB88771FF7C}
	EndGlobalSection
	GlobalSection(ExtensibilityGlobals) = postSolution
		SolutionGuid = {A9D45FB9-8C3A-4558-A9E3-0930794DF0BD}
	EndGlobalSection
EndGlobal
